{
  "name": "bioprocess-tools-buffer-angular",
  "lockfileVersion": 3,
  "requires": true,
  "packages": {
    "": {
      "dependencies": {
        "angular-plotly.js": "^5.2.2",
        "plotly.js-dist-min": "^2.30.0"
      },
      "devDependencies": {
        "@types/plotly.js-dist-min": "^2.3.4"
      }
    },
    "node_modules/@angular/common": {
      "version": "17.2.4",
      "resolved": "https://registry.npmjs.org/@angular/common/-/common-17.2.4.tgz",
      "integrity": "sha512-ymzDHZPQWpBKVQ7lPZucU+vBSb70Re6y5TKzkOX7oYE8Z1+tiNGLvfmzGsO2/N0lvwyZWXjkdXYEDON2hIlZ1Q==",
      "peer": true,
      "dependencies": {
        "tslib": "^2.3.0"
      },
      "engines": {
        "node": "^18.13.0 || >=20.9.0"
      },
      "peerDependencies": {
        "@angular/core": "17.2.4",
        "rxjs": "^6.5.3 || ^7.4.0"
      }
    },
    "node_modules/@angular/core": {
      "version": "17.2.4",
      "resolved": "https://registry.npmjs.org/@angular/core/-/core-17.2.4.tgz",
      "integrity": "sha512-5Bko+vk7H1Ce57MHuRcpZtq2Srq5euufSvwg0piPozp0yYmCqNoYN7c128kgi6PbiPQeAnKRzRbEuYd1YCU4Tw==",
      "peer": true,
      "dependencies": {
        "tslib": "^2.3.0"
      },
      "engines": {
        "node": "^18.13.0 || >=20.9.0"
      },
      "peerDependencies": {
        "rxjs": "^6.5.3 || ^7.4.0",
        "zone.js": "~0.14.0"
      }
    },
    "node_modules/@types/plotly.js": {
      "version": "2.29.2",
      "resolved": "https://registry.npmjs.org/@types/plotly.js/-/plotly.js-2.29.2.tgz",
      "integrity": "sha512-tJqUVa6CmNHrzTANWO/ZLNmdvjZ6zHOAnM9iQUORVnnLvWmcO9DPdQCsrNumNvHD1aqGNxQJ8pla8CK/NUiZgA==",
      "dev": true
    },
    "node_modules/@types/plotly.js-dist-min": {
      "version": "2.3.4",
      "resolved": "https://registry.npmjs.org/@types/plotly.js-dist-min/-/plotly.js-dist-min-2.3.4.tgz",
      "integrity": "sha512-ISwLFV6Zs/v3DkaRFLyk2rvYAfVdnYP2VVVy7h+fBDWw52sn7sMUzytkWiN4M75uxr1uz1uiBioePTDpAfoFIg==",
      "dev": true,
      "dependencies": {
        "@types/plotly.js": "*"
      }
    },
    "node_modules/angular-plotly.js": {
      "version": "5.2.2",
      "resolved": "https://registry.npmjs.org/angular-plotly.js/-/angular-plotly.js-5.2.2.tgz",
      "integrity": "sha512-DDVQ28Y5lHtRq9C5xuQ99pxOB3M6kwOiuF8yF6n13atccwZwGD2RaNjKGxOcP1/d73rERZz1tmkfSzplD1jjOg==",
      "dependencies": {
        "tslib": "^2.3.1"
      },
      "peerDependencies": {
        "@angular/common": ">=15.0.0",
        "@angular/core": ">=15.0.0"
      }
    },
    "node_modules/plotly.js-dist-min": {
      "version": "2.30.0",
      "resolved": "https://registry.npmjs.org/plotly.js-dist-min/-/plotly.js-dist-min-2.30.0.tgz",
      "integrity": "sha512-LM7v0H8MZUNnOT0WmJt8apvXnrjytUgxvG9RAcGT2AsJNlCxLGMMFYQS5TEiYNRH96/hcV8KGQmw+NwjmXSFSA=="
    },
    "node_modules/rxjs": {
      "version": "7.8.1",
      "resolved": "https://registry.npmjs.org/rxjs/-/rxjs-7.8.1.tgz",
      "integrity": "sha512-AA3TVj+0A2iuIoQkWEK/tqFjBq2j+6PO6Y0zJcvzLAFhEFIO3HL0vls9hWLncZbAAbK0mar7oZ4V079I/qPMxg==",
      "peer": true,
      "dependencies": {
        "tslib": "^2.1.0"
      }
    },
    "node_modules/tslib": {
      "version": "2.6.2",
      "resolved": "https://registry.npmjs.org/tslib/-/tslib-2.6.2.tgz",
      "integrity": "sha512-AEYxH93jGFPn/a2iVAwW87VuUIkR1FVUKB77NwMF7nBTDkDrrT/Hpt/IrCJ0QXhW27jTBDcf5ZY7w6RiqTMw2Q=="
    },
    "node_modules/zone.js": {
      "version": "0.14.4",
      "resolved": "https://registry.npmjs.org/zone.js/-/zone.js-0.14.4.tgz",
      "integrity": "sha512-NtTUvIlNELez7Q1DzKVIFZBzNb646boQMgpATo9z3Ftuu/gWvzxCW7jdjcUDoRGxRikrhVHB/zLXh1hxeJawvw==",
      "peer": true,
      "dependencies": {
        "tslib": "^2.3.0"
      }
    }
  }
}
